# THIS IS AN AUTOGENERATED FILE. DO NOT EDIT THIS FILE DIRECTLY.
# yarn lockfile v1


batch-cluster@^6.1.0:
  version "6.1.0"
  resolved "https://registry.yarnpkg.com/batch-cluster/-/batch-cluster-6.1.0.tgz#8931aa3ca0ba086eb27b9f8fa49cdf9d641b77f8"
  integrity sha512-UTEJckl8xanAEW+4DMweKSZPgHzquF5kNU1nULSe2bFI4Z3nW54562aSEIW3POBTtCHWGxUCnk1Mx14PruhAWg==

exiftool-vendored.exe@^12.25.0:
  version "12.25.0"
  resolved "https://registry.yarnpkg.com/exiftool-vendored.exe/-/exiftool-vendored.exe-12.25.0.tgz#16a0ba3e689d253ed4dcee66059431a08ea2dc1d"
  integrity sha512-8JfXFUex8D0HtHOKA89f45IEBS2ZBMc39DvvcbK4DcT6egNLZdwduO/asHPUS9epY6iIaN2AokAdyqn8bKpzWw==

exiftool-vendored.pl@^12.25.0:
  version "12.25.0"
  resolved "https://registry.yarnpkg.com/exiftool-vendored.pl/-/exiftool-vendored.pl-12.25.0.tgz#1649508cb1b084af0cc1776158b748b89a9ce3ec"
  integrity sha512-AqNy26adsMiNiMYxq+E4RhLNoOXo9Bc3Add/tBl8I2zkjOO/6/zGP5EiMvXFooZfb406mJ3b6sokBPxfRBA+jQ==

exiftool-vendored@^14.4.0:
  version "14.4.0"
  resolved "https://registry.yarnpkg.com/exiftool-vendored/-/exiftool-vendored-14.4.0.tgz#2184fee1ad11a48d4f3710f51951a8f58e9753fa"
  integrity sha512-GuSIgTvLYIc0LRto2nLCL5uBrt2daJ9bsZ33jIoTrpyR22+TJ8OxfRRdbpCjnyOx5YlZ129UFTb9/JtO2jKxvQ==
  dependencies:
    batch-cluster "^6.1.0"
    he "^1.2.0"
    luxon "^1.27.0"
    tz-lookup "^6.1.25"
  optionalDependencies:
    exiftool-vendored.exe "^12.25.0"
    exiftool-vendored.pl "^12.25.0"

he@^1.2.0:
  version "1.2.0"
  resolved "https://registry.yarnpkg.com/he/-/he-1.2.0.tgz#84ae65fa7eafb165fddb61566ae14baf05664f0f"
  integrity sha512-F/1DnUGPopORZi0ni+CvrCgHQ5FyEAHRLSApuYWMmrbSwoN2Mn/7k+Gl38gJnR7yyDZk6WLXwiGod1JOWNDKGw==

icon256@^1.2.5:
  version "1.2.5"
  resolved "https://registry.yarnpkg.com/icon256/-/icon256-1.2.5.tgz#2721d91c79cb9d3ebbc0f790ffe9216d0ab86793"
  integrity sha512-Nw49TddZchHuo+4NtJH9EKOvKmIsoad8qcnSfM0qvGg5CeNfb6BtrKzjZEI3xQbOJ66xHsvZRdQF+WcqH8QonA==

luxon@^1.27.0:
  version "1.27.0"
  resolved "https://registry.yarnpkg.com/luxon/-/luxon-1.27.0.tgz#ae10c69113d85dab8f15f5e8390d0cbeddf4f00f"
  integrity sha512-VKsFsPggTA0DvnxtJdiExAucKdAnwbCCNlMM5ENvHlxubqWd0xhZcdb4XgZ7QFNhaRhilXCFxHuoObP5BNA4PA==

tz-lookup@^6.1.25:
  version "6.1.25"
  resolved "https://registry.yarnpkg.com/tz-lookup/-/tz-lookup-6.1.25.tgz#34d68a7e1ccfcb51f29a9893d2d48e4118d873cd"
  integrity sha512-fFewT9o1uDzsW1QnUU1ValqaihFnwiUiiHr1S79/fxOzKXYYvX+EHeRnpvQJ9B3Qg67wPXT6QF2Esc4pFOrvLg==
